
Microsoft Visual Studio Solution File, Format Version 12.00
# Visual Studio Version 17
VisualStudioVersion = 17.8.34330.188
MinimumVisualStudioVersion = 10.0.40219.1
Project("{9A19103F-16F7-4668-BE54-9A1E7A4F7556}") = "StartedIn", "StartedIn\StartedIn.csproj", "{7761E86B-49E7-48C7-9B61-EF82C9C7918F}"
EndProject
Project("{9A19103F-16F7-4668-BE54-9A1E7A4F7556}") = "Domain", "Domain\Domain.csproj", "{A7233CFC-932E-4D58-9D47-1DB29B0C7C66}"
EndProject
Project("{9A19103F-16F7-4668-BE54-9A1E7A4F7556}") = "Repository", "Repository\Repository.csproj", "{65E6F2FF-C36D-434A-B712-9A81883E07D5}"
EndProject
Project("{9A19103F-16F7-4668-BE54-9A1E7A4F7556}") = "Service", "Service\Service.csproj", "{5BFC3A90-B3C2-41AC-887B-92B3DEEAE36C}"
EndProject
Project("{FAE04EC0-301F-11D3-BF4B-00C04F79EFBC}") = "CrossCutting", "CrossCutting\CrossCutting.csproj", "{461E579F-AF6E-4F90-AB04-67E2771FF7F2}"
EndProject
Global
	GlobalSection(SolutionConfigurationPlatforms) = preSolution
		Debug|Any CPU = Debug|Any CPU
		Release|Any CPU = Release|Any CPU
	EndGlobalSection
	GlobalSection(ProjectConfigurationPlatforms) = postSolution
		{7761E86B-49E7-48C7-9B61-EF82C9C7918F}.Debug|Any CPU.ActiveCfg = Debug|Any CPU
		{7761E86B-49E7-48C7-9B61-EF82C9C7918F}.Debug|Any CPU.Build.0 = Debug|Any CPU
		{7761E86B-49E7-48C7-9B61-EF82C9C7918F}.Release|Any CPU.ActiveCfg = Release|Any CPU
		{7761E86B-49E7-48C7-9B61-EF82C9C7918F}.Release|Any CPU.Build.0 = Release|Any CPU
		{A7233CFC-932E-4D58-9D47-1DB29B0C7C66}.Debug|Any CPU.ActiveCfg = Debug|Any CPU
		{A7233CFC-932E-4D58-9D47-1DB29B0C7C66}.Debug|Any CPU.Build.0 = Debug|Any CPU
		{A7233CFC-932E-4D58-9D47-1DB29B0C7C66}.Release|Any CPU.ActiveCfg = Release|Any CPU
		{A7233CFC-932E-4D58-9D47-1DB29B0C7C66}.Release|Any CPU.Build.0 = Release|Any CPU
		{65E6F2FF-C36D-434A-B712-9A81883E07D5}.Debug|Any CPU.ActiveCfg = Debug|Any CPU
		{65E6F2FF-C36D-434A-B712-9A81883E07D5}.Debug|Any CPU.Build.0 = Debug|Any CPU
		{65E6F2FF-C36D-434A-B712-9A81883E07D5}.Release|Any CPU.ActiveCfg = Release|Any CPU
		{65E6F2FF-C36D-434A-B712-9A81883E07D5}.Release|Any CPU.Build.0 = Release|Any CPU
		{5BFC3A90-B3C2-41AC-887B-92B3DEEAE36C}.Debug|Any CPU.ActiveCfg = Debug|Any CPU
		{5BFC3A90-B3C2-41AC-887B-92B3DEEAE36C}.Debug|Any CPU.Build.0 = Debug|Any CPU
		{5BFC3A90-B3C2-41AC-887B-92B3DEEAE36C}.Release|Any CPU.ActiveCfg = Release|Any CPU
		{5BFC3A90-B3C2-41AC-887B-92B3DEEAE36C}.Release|Any CPU.Build.0 = Release|Any CPU
		{461E579F-AF6E-4F90-AB04-67E2771FF7F2}.Debug|Any CPU.ActiveCfg = Debug|Any CPU
		{461E579F-AF6E-4F90-AB04-67E2771FF7F2}.Debug|Any CPU.Build.0 = Debug|Any CPU
		{461E579F-AF6E-4F90-AB04-67E2771FF7F2}.Release|Any CPU.ActiveCfg = Release|Any CPU
		{461E579F-AF6E-4F90-AB04-67E2771FF7F2}.Release|Any CPU.Build.0 = Release|Any CPU
	EndGlobalSection
	GlobalSection(SolutionProperties) = preSolution
		HideSolutionNode = FALSE
	EndGlobalSection
	GlobalSection(ExtensibilityGlobals) = postSolution
		SolutionGuid = {7620518F-E3A1-4ACC-8B3A-C13743307D04}
	EndGlobalSection
EndGlobal
